
Microsoft Visual Studio Solution File, Format Version 12.00
# Visual Studio 15
VisualStudioVersion = 15.0.26730.12
MinimumVisualStudioVersion = 10.0.40219.1
Project("{9A19103F-16F7-4668-BE54-9A1E7A4F7556}") = "JsonToDB_ASPNETCORE2", "ExcelToDB_ASP.NETCORE.2\JsonToDB_ASPNETCORE2.csproj", "{484F7B9C-BEDA-4C4F-95C4-C8BDECFD02DE}"
EndProject
Project("{FAE04EC0-301F-11D3-BF4B-00C04F79EFBC}") = "JsonToDB_TestAutomation", "JsonToDB_TestAutomation\JsonToDB_TestAutomation.csproj", "{B36D42E1-230B-425B-BBCC-7AE846F2A323}"
EndProject
Global
	GlobalSection(SolutionConfigurationPlatforms) = preSolution
		Debug|Any CPU = Debug|Any CPU
		Release|Any CPU = Release|Any CPU
	EndGlobalSection
	GlobalSection(ProjectConfigurationPlatforms) = postSolution
		{484F7B9C-BEDA-4C4F-95C4-C8BDECFD02DE}.Debug|Any CPU.ActiveCfg = Debug|Any CPU
		{484F7B9C-BEDA-4C4F-95C4-C8BDECFD02DE}.Debug|Any CPU.Build.0 = Debug|Any CPU
		{484F7B9C-BEDA-4C4F-95C4-C8BDECFD02DE}.Release|Any CPU.ActiveCfg = Release|Any CPU
		{484F7B9C-BEDA-4C4F-95C4-C8BDECFD02DE}.Release|Any CPU.Build.0 = Release|Any CPU
		{B36D42E1-230B-425B-BBCC-7AE846F2A323}.Debug|Any CPU.ActiveCfg = Debug|Any CPU
		{B36D42E1-230B-425B-BBCC-7AE846F2A323}.Debug|Any CPU.Build.0 = Debug|Any CPU
		{B36D42E1-230B-425B-BBCC-7AE846F2A323}.Release|Any CPU.ActiveCfg = Release|Any CPU
		{B36D42E1-230B-425B-BBCC-7AE846F2A323}.Release|Any CPU.Build.0 = Release|Any CPU
	EndGlobalSection
	GlobalSection(SolutionProperties) = preSolution
		HideSolutionNode = FALSE
	EndGlobalSection
	GlobalSection(ExtensibilityGlobals) = postSolution
		SolutionGuid = {D3E2F021-EFC3-47B2-B0EA-B803F689698D}
	EndGlobalSection
EndGlobal
